
Microsoft Visual Studio Solution File, Format Version 12.00
# Visual Studio 14
VisualStudioVersion = 14.0.25123.0
MinimumVisualStudioVersion = 10.0.40219.1
Project("{FAE04EC0-301F-11D3-BF4B-00C04F79EFBC}") = "BugsTrackingSystem", "BugsTrackingSystem\BugsTrackingSystem.csproj", "{699DD4B0-FD1F-4AD9-832E-27DBF747FF40}"
EndProject
Project("{FAE04EC0-301F-11D3-BF4B-00C04F79EFBC}") = "BugsTrackingSystem.Tests", "BugsTrackingSystem.Tests\BugsTrackingSystem.Tests.csproj", "{ACFDAF1C-7BAF-4A26-894A-4ECF556685B4}"
EndProject
Global
	GlobalSection(SolutionConfigurationPlatforms) = preSolution
		Debug|Any CPU = Debug|Any CPU
		Release|Any CPU = Release|Any CPU
	EndGlobalSection
	GlobalSection(ProjectConfigurationPlatforms) = postSolution
		{699DD4B0-FD1F-4AD9-832E-27DBF747FF40}.Debug|Any CPU.ActiveCfg = Debug|Any CPU
		{699DD4B0-FD1F-4AD9-832E-27DBF747FF40}.Debug|Any CPU.Build.0 = Debug|Any CPU
		{699DD4B0-FD1F-4AD9-832E-27DBF747FF40}.Release|Any CPU.ActiveCfg = Release|Any CPU
		{699DD4B0-FD1F-4AD9-832E-27DBF747FF40}.Release|Any CPU.Build.0 = Release|Any CPU
		{ACFDAF1C-7BAF-4A26-894A-4ECF556685B4}.Debug|Any CPU.ActiveCfg = Debug|Any CPU
		{ACFDAF1C-7BAF-4A26-894A-4ECF556685B4}.Debug|Any CPU.Build.0 = Debug|Any CPU
		{ACFDAF1C-7BAF-4A26-894A-4ECF556685B4}.Release|Any CPU.ActiveCfg = Release|Any CPU
		{ACFDAF1C-7BAF-4A26-894A-4ECF556685B4}.Release|Any CPU.Build.0 = Release|Any CPU
	EndGlobalSection
	GlobalSection(SolutionProperties) = preSolution
		HideSolutionNode = FALSE
	EndGlobalSection
EndGlobal
